// !$*UTF8*$!
{
	archiveVersion = 1;
	classes = {
	};
	objectVersion = 56;
	objects = {

/* Begin PBXBuildFile section */
		E2A4FD5D2B646974002810AB /* AppDelegate.swift in Sources */ = {isa = PBXBuildFile; fileRef = E2A4FD5C2B646974002810AB /* AppDelegate.swift */; };
		E2A4FD5F2B646974002810AB /* SceneDelegate.swift in Sources */ = {isa = PBXBuildFile; fileRef = E2A4FD5E2B646974002810AB /* SceneDelegate.swift */; };
		E2A4FD662B646975002810AB /* Assets.xcassets in Resources */ = {isa = PBXBuildFile; fileRef = E2A4FD652B646975002810AB /* Assets.xcassets */; };
		E2A4FD692B646975002810AB /* LaunchScreen.storyboard in Resources */ = {isa = PBXBuildFile; fileRef = E2A4FD672B646975002810AB /* LaunchScreen.storyboard */; };
		E2A4FD742B646975002810AB /* softtekPruebaTests.swift in Sources */ = {isa = PBXBuildFile; fileRef = E2A4FD732B646975002810AB /* softtekPruebaTests.swift */; };
		E2A4FD7E2B646975002810AB /* softtekPruebaUITests.swift in Sources */ = {isa = PBXBuildFile; fileRef = E2A4FD7D2B646975002810AB /* softtekPruebaUITests.swift */; };
		E2A4FD802B646975002810AB /* softtekPruebaUITestsLaunchTests.swift in Sources */ = {isa = PBXBuildFile; fileRef = E2A4FD7F2B646975002810AB /* softtekPruebaUITestsLaunchTests.swift */; };
		E2C0508B2B646BF600C6B532 /* Kingfisher in Frameworks */ = {isa = PBXBuildFile; productRef = E2C0508A2B646BF600C6B532 /* Kingfisher */; };
		E2C0508E2B646C0600C6B532 /* IQKeyboardManagerSwift in Frameworks */ = {isa = PBXBuildFile; productRef = E2C0508D2B646C0600C6B532 /* IQKeyboardManagerSwift */; };
		E2C050912B646C5700C6B532 /* JGProgressHUD in Frameworks */ = {isa = PBXBuildFile; productRef = E2C050902B646C5700C6B532 /* JGProgressHUD */; };
		E2C050942B646C6800C6B532 /* Alamofire in Frameworks */ = {isa = PBXBuildFile; productRef = E2C050932B646C6800C6B532 /* Alamofire */; };
		E2C050982B6470E000C6B532 /* CryptoSwift in Frameworks */ = {isa = PBXBuildFile; productRef = E2C050972B6470E000C6B532 /* CryptoSwift */; };
		E2C0509C2B64A1B400C6B532 /* MoviesObject.swift in Sources */ = {isa = PBXBuildFile; fileRef = E2C0509B2B64A1B400C6B532 /* MoviesObject.swift */; };
		E2C050A02B64A7CF00C6B532 /* DatabaseService.swift in Sources */ = {isa = PBXBuildFile; fileRef = E2C0509F2B64A7CF00C6B532 /* DatabaseService.swift */; };
		E2C050A62B64E74A00C6B532 /* LoginViewController.swift in Sources */ = {isa = PBXBuildFile; fileRef = E2C050A42B64E74A00C6B532 /* LoginViewController.swift */; };
		E2C050A72B64E74A00C6B532 /* LoginViewController.xib in Resources */ = {isa = PBXBuildFile; fileRef = E2C050A52B64E74A00C6B532 /* LoginViewController.xib */; };
		E2C050A92B64E76300C6B532 /* LoginInteractor.swift in Sources */ = {isa = PBXBuildFile; fileRef = E2C050A82B64E76300C6B532 /* LoginInteractor.swift */; };
		E2C050AB2B64E77600C6B532 /* LoginPresenter.swift in Sources */ = {isa = PBXBuildFile; fileRef = E2C050AA2B64E77600C6B532 /* LoginPresenter.swift */; };
		E2C050AD2B64E79400C6B532 /* LoginRouter.swift in Sources */ = {isa = PBXBuildFile; fileRef = E2C050AC2B64E79400C6B532 /* LoginRouter.swift */; };
		E2C050B22B64E8CD00C6B532 /* MoviesViewController.swift in Sources */ = {isa = PBXBuildFile; fileRef = E2C050B02B64E8CD00C6B532 /* MoviesViewController.swift */; };
		E2C050B32B64E8CD00C6B532 /* MoviesViewController.xib in Resources */ = {isa = PBXBuildFile; fileRef = E2C050B12B64E8CD00C6B532 /* MoviesViewController.xib */; };
		E2C050B52B64E8DC00C6B532 /* MoviesRouter.swift in Sources */ = {isa = PBXBuildFile; fileRef = E2C050B42B64E8DC00C6B532 /* MoviesRouter.swift */; };
		E2C050B72B64E8E600C6B532 /* MoviesInteractor.swift in Sources */ = {isa = PBXBuildFile; fileRef = E2C050B62B64E8E600C6B532 /* MoviesInteractor.swift */; };
		E2C050B92B64E8FC00C6B532 /* MoviesPresenter.swift in Sources */ = {isa = PBXBuildFile; fileRef = E2C050B82B64E8FC00C6B532 /* MoviesPresenter.swift */; };
		E2C050BC2B64E91700C6B532 /* DetailMoviesInteractor.swift in Sources */ = {isa = PBXBuildFile; fileRef = E2C050BB2B64E91700C6B532 /* DetailMoviesInteractor.swift */; };
		E2C050BE2B64E92200C6B532 /* DetailMoviesPresenter.swift in Sources */ = {isa = PBXBuildFile; fileRef = E2C050BD2B64E92200C6B532 /* DetailMoviesPresenter.swift */; };
		E2C050C02B64E93000C6B532 /* DetailMoviesRouter.swift in Sources */ = {isa = PBXBuildFile; fileRef = E2C050BF2B64E93000C6B532 /* DetailMoviesRouter.swift */; };
		E2C050C22B64E94800C6B532 /* DetailMoviesEntity.swift in Sources */ = {isa = PBXBuildFile; fileRef = E2C050C12B64E94800C6B532 /* DetailMoviesEntity.swift */; };
		E2C050C52B64E95800C6B532 /* DetailMovieViewController.swift in Sources */ = {isa = PBXBuildFile; fileRef = E2C050C32B64E95800C6B532 /* DetailMovieViewController.swift */; };
		E2C050C62B64E95800C6B532 /* DetailMovieViewController.xib in Resources */ = {isa = PBXBuildFile; fileRef = E2C050C42B64E95800C6B532 /* DetailMovieViewController.xib */; };
		E2C050C82B64E97600C6B532 /* MovieEntity.swift in Sources */ = {isa = PBXBuildFile; fileRef = E2C050C72B64E97600C6B532 /* MovieEntity.swift */; };
		E2C050CA2B64E99300C6B532 /* LoginEntity.swift in Sources */ = {isa = PBXBuildFile; fileRef = E2C050C92B64E99300C6B532 /* LoginEntity.swift */; };
		E2C050CE2B64EF8900C6B532 /* MoviesCellTableViewCell.swift in Sources */ = {isa = PBXBuildFile; fileRef = E2C050CC2B64EF8900C6B532 /* MoviesCellTableViewCell.swift */; };
		E2C050CF2B64EF8900C6B532 /* MoviesCellTableViewCell.xib in Resources */ = {isa = PBXBuildFile; fileRef = E2C050CD2B64EF8900C6B532 /* MoviesCellTableViewCell.xib */; };
		E2C050D22B64F11F00C6B532 /* Utils.swift in Sources */ = {isa = PBXBuildFile; fileRef = E2C050D12B64F11F00C6B532 /* Utils.swift */; };
		E2C050D42B64F19100C6B532 /* ColorsUtils.swift in Sources */ = {isa = PBXBuildFile; fileRef = E2C050D32B64F19100C6B532 /* ColorsUtils.swift */; };
		E2C050D62B64F1B400C6B532 /* Urls.swift in Sources */ = {isa = PBXBuildFile; fileRef = E2C050D52B64F1B400C6B532 /* Urls.swift */; };
		E2C050D82B64F1ED00C6B532 /* TextDefaults.swift in Sources */ = {isa = PBXBuildFile; fileRef = E2C050D72B64F1ED00C6B532 /* TextDefaults.swift */; };
		E2F98D572B6590B100D02019 /* GoogleService-Info.plist in Resources */ = {isa = PBXBuildFile; fileRef = E2F98D562B6590B100D02019 /* GoogleService-Info.plist */; };
		E2F98D5B2B6592A600D02019 /* FirebaseAppDistribution-Beta in Frameworks */ = {isa = PBXBuildFile; productRef = E2F98D5A2B6592A600D02019 /* FirebaseAppDistribution-Beta */; };
		E2F98D5D2B6592A600D02019 /* FirebaseAuth in Frameworks */ = {isa = PBXBuildFile; productRef = E2F98D5C2B6592A600D02019 /* FirebaseAuth */; };
		E2F98D5F2B6592A600D02019 /* FirebaseAuthCombine-Community in Frameworks */ = {isa = PBXBuildFile; productRef = E2F98D5E2B6592A600D02019 /* FirebaseAuthCombine-Community */; };
		E2F98D612B6592A600D02019 /* FirebaseCrashlytics in Frameworks */ = {isa = PBXBuildFile; productRef = E2F98D602B6592A600D02019 /* FirebaseCrashlytics */; };
		E2F98D632B6592A600D02019 /* FirebaseDatabase in Frameworks */ = {isa = PBXBuildFile; productRef = E2F98D622B6592A600D02019 /* FirebaseDatabase */; };
		E2F98D652B6592A600D02019 /* FirebaseDatabaseSwift in Frameworks */ = {isa = PBXBuildFile; productRef = E2F98D642B6592A600D02019 /* FirebaseDatabaseSwift */; };
		E2F98D672B6592A600D02019 /* FirebaseDynamicLinks in Frameworks */ = {isa = PBXBuildFile; productRef = E2F98D662B6592A600D02019 /* FirebaseDynamicLinks */; };
		E2F98D692B6592A600D02019 /* FirebaseFirestoreSwift in Frameworks */ = {isa = PBXBuildFile; productRef = E2F98D682B6592A600D02019 /* FirebaseFirestoreSwift */; };
		E2F98D6B2B6592A600D02019 /* FirebaseFunctions in Frameworks */ = {isa = PBXBuildFile; productRef = E2F98D6A2B6592A600D02019 /* FirebaseFunctions */; };
		E2F98D6D2B6592A600D02019 /* FirebaseInstallations in Frameworks */ = {isa = PBXBuildFile; productRef = E2F98D6C2B6592A600D02019 /* FirebaseInstallations */; };
		E2F98D6F2B6592A600D02019 /* FirebaseMessaging in Frameworks */ = {isa = PBXBuildFile; productRef = E2F98D6E2B6592A600D02019 /* FirebaseMessaging */; };
		E2F98D712B6592A600D02019 /* FirebaseRemoteConfig in Frameworks */ = {isa = PBXBuildFile; productRef = E2F98D702B6592A600D02019 /* FirebaseRemoteConfig */; };
		E2F98D732B6592A600D02019 /* FirebaseRemoteConfigSwift in Frameworks */ = {isa = PBXBuildFile; productRef = E2F98D722B6592A600D02019 /* FirebaseRemoteConfigSwift */; };
		E2F98D752B6592A600D02019 /* FirebaseStorage in Frameworks */ = {isa = PBXBuildFile; productRef = E2F98D742B6592A600D02019 /* FirebaseStorage */; };
		E2F98D772B6592A600D02019 /* FirebaseStorageCombine-Community in Frameworks */ = {isa = PBXBuildFile; productRef = E2F98D762B6592A600D02019 /* FirebaseStorageCombine-Community */; };
		E2F98D7A2B65935300D02019 /* SegurityKeys.swift in Sources */ = {isa = PBXBuildFile; fileRef = E2F98D792B65935300D02019 /* SegurityKeys.swift */; };
		E2F98D7D2B65938500D02019 /* Defaults.swift in Sources */ = {isa = PBXBuildFile; fileRef = E2F98D7C2B65938500D02019 /* Defaults.swift */; };
		E2F98D7F2B6593A700D02019 /* MovieRemoteConfig.swift in Sources */ = {isa = PBXBuildFile; fileRef = E2F98D7E2B6593A700D02019 /* MovieRemoteConfig.swift */; };
		E2F98D822B6593DD00D02019 /* RemoteConfig.plist in Resources */ = {isa = PBXBuildFile; fileRef = E2F98D812B6593DD00D02019 /* RemoteConfig.plist */; };
/* End PBXBuildFile section */

/* Begin PBXContainerItemProxy section */
		E2A4FD702B646975002810AB /* PBXContainerItemProxy */ = {
			isa = PBXContainerItemProxy;
			containerPortal = E2A4FD512B646973002810AB /* Project object */;
			proxyType = 1;
			remoteGlobalIDString = E2A4FD582B646974002810AB;
			remoteInfo = softtekPrueba;
		};
		E2A4FD7A2B646975002810AB /* PBXContainerItemProxy */ = {
			isa = PBXContainerItemProxy;
			containerPortal = E2A4FD512B646973002810AB /* Project object */;
			proxyType = 1;
			remoteGlobalIDString = E2A4FD582B646974002810AB;
			remoteInfo = softtekPrueba;
		};
/* End PBXContainerItemProxy section */

/* Begin PBXFileReference section */
		E2A4FD592B646974002810AB /* softtekPrueba.app */ = {isa = PBXFileReference; explicitFileType = wrapper.application; includeInIndex = 0; path = softtekPrueba.app; sourceTree = BUILT_PRODUCTS_DIR; };
		E2A4FD5C2B646974002810AB /* AppDelegate.swift */ = {isa = PBXFileReference; lastKnownFileType = sourcecode.swift; path = AppDelegate.swift; sourceTree = "<group>"; };
		E2A4FD5E2B646974002810AB /* SceneDelegate.swift */ = {isa = PBXFileReference; lastKnownFileType = sourcecode.swift; path = SceneDelegate.swift; sourceTree = "<group>"; };
		E2A4FD652B646975002810AB /* Assets.xcassets */ = {isa = PBXFileReference; lastKnownFileType = folder.assetcatalog; path = Assets.xcassets; sourceTree = "<group>"; };
		E2A4FD682B646975002810AB /* Base */ = {isa = PBXFileReference; lastKnownFileType = file.storyboard; name = Base; path = Base.lproj/LaunchScreen.storyboard; sourceTree = "<group>"; };
		E2A4FD6A2B646975002810AB /* Info.plist */ = {isa = PBXFileReference; lastKnownFileType = text.plist.xml; path = Info.plist; sourceTree = "<group>"; };
		E2A4FD6F2B646975002810AB /* softtekPruebaTests.xctest */ = {isa = PBXFileReference; explicitFileType = wrapper.cfbundle; includeInIndex = 0; path = softtekPruebaTests.xctest; sourceTree = BUILT_PRODUCTS_DIR; };
		E2A4FD732B646975002810AB /* softtekPruebaTests.swift */ = {isa = PBXFileReference; lastKnownFileType = sourcecode.swift; path = softtekPruebaTests.swift; sourceTree = "<group>"; };
		E2A4FD792B646975002810AB /* softtekPruebaUITests.xctest */ = {isa = PBXFileReference; explicitFileType = wrapper.cfbundle; includeInIndex = 0; path = softtekPruebaUITests.xctest; sourceTree = BUILT_PRODUCTS_DIR; };
		E2A4FD7D2B646975002810AB /* softtekPruebaUITests.swift */ = {isa = PBXFileReference; lastKnownFileType = sourcecode.swift; path = softtekPruebaUITests.swift; sourceTree = "<group>"; };
		E2A4FD7F2B646975002810AB /* softtekPruebaUITestsLaunchTests.swift */ = {isa = PBXFileReference; lastKnownFileType = sourcecode.swift; path = softtekPruebaUITestsLaunchTests.swift; sourceTree = "<group>"; };
		E2C0509B2B64A1B400C6B532 /* MoviesObject.swift */ = {isa = PBXFileReference; lastKnownFileType = sourcecode.swift; path = MoviesObject.swift; sourceTree = "<group>"; };
		E2C0509F2B64A7CF00C6B532 /* DatabaseService.swift */ = {isa = PBXFileReference; lastKnownFileType = sourcecode.swift; path = DatabaseService.swift; sourceTree = "<group>"; };
		E2C050A42B64E74A00C6B532 /* LoginViewController.swift */ = {isa = PBXFileReference; lastKnownFileType = sourcecode.swift; path = LoginViewController.swift; sourceTree = "<group>"; };
		E2C050A52B64E74A00C6B532 /* LoginViewController.xib */ = {isa = PBXFileReference; lastKnownFileType = file.xib; path = LoginViewController.xib; sourceTree = "<group>"; };
		E2C050A82B64E76300C6B532 /* LoginInteractor.swift */ = {isa = PBXFileReference; lastKnownFileType = sourcecode.swift; path = LoginInteractor.swift; sourceTree = "<group>"; };
		E2C050AA2B64E77600C6B532 /* LoginPresenter.swift */ = {isa = PBXFileReference; lastKnownFileType = sourcecode.swift; path = LoginPresenter.swift; sourceTree = "<group>"; };
		E2C050AC2B64E79400C6B532 /* LoginRouter.swift */ = {isa = PBXFileReference; lastKnownFileType = sourcecode.swift; path = LoginRouter.swift; sourceTree = "<group>"; };
		E2C050B02B64E8CD00C6B532 /* MoviesViewController.swift */ = {isa = PBXFileReference; lastKnownFileType = sourcecode.swift; path = MoviesViewController.swift; sourceTree = "<group>"; };
		E2C050B12B64E8CD00C6B532 /* MoviesViewController.xib */ = {isa = PBXFileReference; lastKnownFileType = file.xib; path = MoviesViewController.xib; sourceTree = "<group>"; };
		E2C050B42B64E8DC00C6B532 /* MoviesRouter.swift */ = {isa = PBXFileReference; lastKnownFileType = sourcecode.swift; path = MoviesRouter.swift; sourceTree = "<group>"; };
		E2C050B62B64E8E600C6B532 /* MoviesInteractor.swift */ = {isa = PBXFileReference; lastKnownFileType = sourcecode.swift; path = MoviesInteractor.swift; sourceTree = "<group>"; };
		E2C050B82B64E8FC00C6B532 /* MoviesPresenter.swift */ = {isa = PBXFileReference; lastKnownFileType = sourcecode.swift; path = MoviesPresenter.swift; sourceTree = "<group>"; };
		E2C050BB2B64E91700C6B532 /* DetailMoviesInteractor.swift */ = {isa = PBXFileReference; lastKnownFileType = sourcecode.swift; path = DetailMoviesInteractor.swift; sourceTree = "<group>"; };
		E2C050BD2B64E92200C6B532 /* DetailMoviesPresenter.swift */ = {isa = PBXFileReference; lastKnownFileType = sourcecode.swift; path = DetailMoviesPresenter.swift; sourceTree = "<group>"; };
		E2C050BF2B64E93000C6B532 /* DetailMoviesRouter.swift */ = {isa = PBXFileReference; lastKnownFileType = sourcecode.swift; path = DetailMoviesRouter.swift; sourceTree = "<group>"; };
		E2C050C12B64E94800C6B532 /* DetailMoviesEntity.swift */ = {isa = PBXFileReference; lastKnownFileType = sourcecode.swift; path = DetailMoviesEntity.swift; sourceTree = "<group>"; };
		E2C050C32B64E95800C6B532 /* DetailMovieViewController.swift */ = {isa = PBXFileReference; lastKnownFileType = sourcecode.swift; path = DetailMovieViewController.swift; sourceTree = "<group>"; };
		E2C050C42B64E95800C6B532 /* DetailMovieViewController.xib */ = {isa = PBXFileReference; lastKnownFileType = file.xib; path = DetailMovieViewController.xib; sourceTree = "<group>"; };
		E2C050C72B64E97600C6B532 /* MovieEntity.swift */ = {isa = PBXFileReference; lastKnownFileType = sourcecode.swift; path = MovieEntity.swift; sourceTree = "<group>"; };
		E2C050C92B64E99300C6B532 /* LoginEntity.swift */ = {isa = PBXFileReference; lastKnownFileType = sourcecode.swift; path = LoginEntity.swift; sourceTree = "<group>"; };
		E2C050CC2B64EF8900C6B532 /* MoviesCellTableViewCell.swift */ = {isa = PBXFileReference; lastKnownFileType = sourcecode.swift; path = MoviesCellTableViewCell.swift; sourceTree = "<group>"; };
		E2C050CD2B64EF8900C6B532 /* MoviesCellTableViewCell.xib */ = {isa = PBXFileReference; lastKnownFileType = file.xib; path = MoviesCellTableViewCell.xib; sourceTree = "<group>"; };
		E2C050D12B64F11F00C6B532 /* Utils.swift */ = {isa = PBXFileReference; lastKnownFileType = sourcecode.swift; path = Utils.swift; sourceTree = "<group>"; };
		E2C050D32B64F19100C6B532 /* ColorsUtils.swift */ = {isa = PBXFileReference; lastKnownFileType = sourcecode.swift; path = ColorsUtils.swift; sourceTree = "<group>"; };
		E2C050D52B64F1B400C6B532 /* Urls.swift */ = {isa = PBXFileReference; lastKnownFileType = sourcecode.swift; path = Urls.swift; sourceTree = "<group>"; };
		E2C050D72B64F1ED00C6B532 /* TextDefaults.swift */ = {isa = PBXFileReference; lastKnownFileType = sourcecode.swift; path = TextDefaults.swift; sourceTree = "<group>"; };
		E2F98D562B6590B100D02019 /* GoogleService-Info.plist */ = {isa = PBXFileReference; fileEncoding = 4; lastKnownFileType = text.plist.xml; path = "GoogleService-Info.plist"; sourceTree = "<group>"; };
		E2F98D792B65935300D02019 /* SegurityKeys.swift */ = {isa = PBXFileReference; lastKnownFileType = sourcecode.swift; path = SegurityKeys.swift; sourceTree = "<group>"; };
		E2F98D7C2B65938500D02019 /* Defaults.swift */ = {isa = PBXFileReference; lastKnownFileType = sourcecode.swift; path = Defaults.swift; sourceTree = "<group>"; };
		E2F98D7E2B6593A700D02019 /* MovieRemoteConfig.swift */ = {isa = PBXFileReference; lastKnownFileType = sourcecode.swift; path = MovieRemoteConfig.swift; sourceTree = "<group>"; };
		E2F98D812B6593DD00D02019 /* RemoteConfig.plist */ = {isa = PBXFileReference; lastKnownFileType = text.plist.xml; path = RemoteConfig.plist; sourceTree = "<group>"; };
/* End PBXFileReference section */

/* Begin PBXFrameworksBuildPhase section */
		E2A4FD562B646974002810AB /* Frameworks */ = {
			isa = PBXFrameworksBuildPhase;
			buildActionMask = 2147483647;
			files = (
				E2F98D6F2B6592A600D02019 /* FirebaseMessaging in Frameworks */,
				E2F98D632B6592A600D02019 /* FirebaseDatabase in Frameworks */,
				E2F98D772B6592A600D02019 /* FirebaseStorageCombine-Community in Frameworks */,
				E2F98D6B2B6592A600D02019 /* FirebaseFunctions in Frameworks */,
				E2F98D732B6592A600D02019 /* FirebaseRemoteConfigSwift in Frameworks */,
				E2C0508B2B646BF600C6B532 /* Kingfisher in Frameworks */,
				E2F98D712B6592A600D02019 /* FirebaseRemoteConfig in Frameworks */,
				E2C050942B646C6800C6B532 /* Alamofire in Frameworks */,
				E2C050912B646C5700C6B532 /* JGProgressHUD in Frameworks */,
				E2C050982B6470E000C6B532 /* CryptoSwift in Frameworks */,
				E2F98D752B6592A600D02019 /* FirebaseStorage in Frameworks */,
				E2C0508E2B646C0600C6B532 /* IQKeyboardManagerSwift in Frameworks */,
				E2F98D5D2B6592A600D02019 /* FirebaseAuth in Frameworks */,
				E2F98D692B6592A600D02019 /* FirebaseFirestoreSwift in Frameworks */,
				E2F98D6D2B6592A600D02019 /* FirebaseInstallations in Frameworks */,
				E2F98D612B6592A600D02019 /* FirebaseCrashlytics in Frameworks */,
				E2F98D652B6592A600D02019 /* FirebaseDatabaseSwift in Frameworks */,
				E2F98D5B2B6592A600D02019 /* FirebaseAppDistribution-Beta in Frameworks */,
				E2F98D5F2B6592A600D02019 /* FirebaseAuthCombine-Community in Frameworks */,
				E2F98D672B6592A600D02019 /* FirebaseDynamicLinks in Frameworks */,
			);
			runOnlyForDeploymentPostprocessing = 0;
		};
		E2A4FD6C2B646975002810AB /* Frameworks */ = {
			isa = PBXFrameworksBuildPhase;
			buildActionMask = 2147483647;
			files = (
			);
			runOnlyForDeploymentPostprocessing = 0;
		};
		E2A4FD762B646975002810AB /* Frameworks */ = {
			isa = PBXFrameworksBuildPhase;
			buildActionMask = 2147483647;
			files = (
			);
			runOnlyForDeploymentPostprocessing = 0;
		};
/* End PBXFrameworksBuildPhase section */

/* Begin PBXGroup section */
		E248532B2B658E7300413408 /* RemoteCongif */ = {
			isa = PBXGroup;
			children = (
				E2F98D7E2B6593A700D02019 /* MovieRemoteConfig.swift */,
				E2F98D812B6593DD00D02019 /* RemoteConfig.plist */,
			);
			path = RemoteCongif;
			sourceTree = "<group>";
		};
		E2A4FD502B646973002810AB = {
			isa = PBXGroup;
			children = (
				E2A4FD5B2B646974002810AB /* softtekPrueba */,
				E2A4FD722B646975002810AB /* softtekPruebaTests */,
				E2A4FD7C2B646975002810AB /* softtekPruebaUITests */,
				E2A4FD5A2B646974002810AB /* Products */,
			);
			sourceTree = "<group>";
		};
		E2A4FD5A2B646974002810AB /* Products */ = {
			isa = PBXGroup;
			children = (
				E2A4FD592B646974002810AB /* softtekPrueba.app */,
				E2A4FD6F2B646975002810AB /* softtekPruebaTests.xctest */,
				E2A4FD792B646975002810AB /* softtekPruebaUITests.xctest */,
			);
			name = Products;
			sourceTree = "<group>";
		};
		E2A4FD5B2B646974002810AB /* softtekPrueba */ = {
			isa = PBXGroup;
			children = (
				E2F98D562B6590B100D02019 /* GoogleService-Info.plist */,
				E2C050D02B64F0E700C6B532 /* Utils */,
				E2C050A32B64E2DE00C6B532 /* Login */,
				E2C050A12B64E2B200C6B532 /* Movies */,
				E2C050A22B64E2D400C6B532 /* DetailMovies */,
				E2C050992B64A18800C6B532 /* Data */,
				E2A4FD5C2B646974002810AB /* AppDelegate.swift */,
				E2A4FD5E2B646974002810AB /* SceneDelegate.swift */,
				E2A4FD652B646975002810AB /* Assets.xcassets */,
				E2A4FD672B646975002810AB /* LaunchScreen.storyboard */,
				E2A4FD6A2B646975002810AB /* Info.plist */,
			);
			path = softtekPrueba;
			sourceTree = "<group>";
		};
		E2A4FD722B646975002810AB /* softtekPruebaTests */ = {
			isa = PBXGroup;
			children = (
				E2A4FD732B646975002810AB /* softtekPruebaTests.swift */,
			);
			path = softtekPruebaTests;
			sourceTree = "<group>";
		};
		E2A4FD7C2B646975002810AB /* softtekPruebaUITests */ = {
			isa = PBXGroup;
			children = (
				E2A4FD7D2B646975002810AB /* softtekPruebaUITests.swift */,
				E2A4FD7F2B646975002810AB /* softtekPruebaUITestsLaunchTests.swift */,
			);
			path = softtekPruebaUITests;
			sourceTree = "<group>";
		};
		E2C050992B64A18800C6B532 /* Data */ = {
			isa = PBXGroup;
			children = (
				E2F98D782B65934800D02019 /* Security */,
				E248532B2B658E7300413408 /* RemoteCongif */,
				E2C0509A2B64A19900C6B532 /* swiftData */,
			);
			path = Data;
			sourceTree = "<group>";
		};
		E2C0509A2B64A19900C6B532 /* swiftData */ = {
			isa = PBXGroup;
			children = (
				E2C0509E2B64A4E100C6B532 /* Objects */,
				E2C0509D2B64A4D900C6B532 /* Service */,
			);
			path = swiftData;
			sourceTree = "<group>";
		};
		E2C0509D2B64A4D900C6B532 /* Service */ = {
			isa = PBXGroup;
			children = (
				E2C0509F2B64A7CF00C6B532 /* DatabaseService.swift */,
			);
			path = Service;
			sourceTree = "<group>";
		};
		E2C0509E2B64A4E100C6B532 /* Objects */ = {
			isa = PBXGroup;
			children = (
				E2C0509B2B64A1B400C6B532 /* MoviesObject.swift */,
			);
			path = Objects;
			sourceTree = "<group>";
		};
		E2C050A12B64E2B200C6B532 /* Movies */ = {
			isa = PBXGroup;
			children = (
				E2C050CB2B64EF1100C6B532 /* Cells */,
				E2C050AF2B64E8BD00C6B532 /* Entities */,
				E2C050B02B64E8CD00C6B532 /* MoviesViewController.swift */,
				E2C050B12B64E8CD00C6B532 /* MoviesViewController.xib */,
				E2C050B42B64E8DC00C6B532 /* MoviesRouter.swift */,
				E2C050B62B64E8E600C6B532 /* MoviesInteractor.swift */,
				E2C050B82B64E8FC00C6B532 /* MoviesPresenter.swift */,
			);
			path = Movies;
			sourceTree = "<group>";
		};
		E2C050A22B64E2D400C6B532 /* DetailMovies */ = {
			isa = PBXGroup;
			children = (
				E2C050BA2B64E90500C6B532 /* Entities */,
				E2C050BB2B64E91700C6B532 /* DetailMoviesInteractor.swift */,
				E2C050BD2B64E92200C6B532 /* DetailMoviesPresenter.swift */,
				E2C050BF2B64E93000C6B532 /* DetailMoviesRouter.swift */,
				E2C050C32B64E95800C6B532 /* DetailMovieViewController.swift */,
				E2C050C42B64E95800C6B532 /* DetailMovieViewController.xib */,
			);
			path = DetailMovies;
			sourceTree = "<group>";
		};
		E2C050A32B64E2DE00C6B532 /* Login */ = {
			isa = PBXGroup;
			children = (
				E2C050AE2B64E7A800C6B532 /* Entities */,
				E2C050A42B64E74A00C6B532 /* LoginViewController.swift */,
				E2C050A52B64E74A00C6B532 /* LoginViewController.xib */,
				E2C050A82B64E76300C6B532 /* LoginInteractor.swift */,
				E2C050AA2B64E77600C6B532 /* LoginPresenter.swift */,
				E2C050AC2B64E79400C6B532 /* LoginRouter.swift */,
			);
			path = Login;
			sourceTree = "<group>";
		};
		E2C050AE2B64E7A800C6B532 /* Entities */ = {
			isa = PBXGroup;
			children = (
				E2C050C92B64E99300C6B532 /* LoginEntity.swift */,
			);
			path = Entities;
			sourceTree = "<group>";
		};
		E2C050AF2B64E8BD00C6B532 /* Entities */ = {
			isa = PBXGroup;
			children = (
				E2C050C72B64E97600C6B532 /* MovieEntity.swift */,
			);
			path = Entities;
			sourceTree = "<group>";
		};
		E2C050BA2B64E90500C6B532 /* Entities */ = {
			isa = PBXGroup;
			children = (
				E2C050C12B64E94800C6B532 /* DetailMoviesEntity.swift */,
			);
			path = Entities;
			sourceTree = "<group>";
		};
		E2C050CB2B64EF1100C6B532 /* Cells */ = {
			isa = PBXGroup;
			children = (
				E2C050CC2B64EF8900C6B532 /* MoviesCellTableViewCell.swift */,
				E2C050CD2B64EF8900C6B532 /* MoviesCellTableViewCell.xib */,
			);
			path = Cells;
			sourceTree = "<group>";
		};
		E2C050D02B64F0E700C6B532 /* Utils */ = {
			isa = PBXGroup;
			children = (
				E2F98D7B2B65937800D02019 /* Defaults */,
				E2C050D12B64F11F00C6B532 /* Utils.swift */,
				E2C050D32B64F19100C6B532 /* ColorsUtils.swift */,
				E2C050D52B64F1B400C6B532 /* Urls.swift */,
				E2C050D72B64F1ED00C6B532 /* TextDefaults.swift */,
			);
			path = Utils;
			sourceTree = "<group>";
		};
		E2F98D782B65934800D02019 /* Security */ = {
			isa = PBXGroup;
			children = (
				E2F98D792B65935300D02019 /* SegurityKeys.swift */,
			);
			path = Security;
			sourceTree = "<group>";
		};
		E2F98D7B2B65937800D02019 /* Defaults */ = {
			isa = PBXGroup;
			children = (
				E2F98D7C2B65938500D02019 /* Defaults.swift */,
			);
			path = Defaults;
			sourceTree = "<group>";
		};
/* End PBXGroup section */

/* Begin PBXNativeTarget section */
		E2A4FD582B646974002810AB /* softtekPrueba */ = {
			isa = PBXNativeTarget;
			buildConfigurationList = E2A4FD832B646975002810AB /* Build configuration list for PBXNativeTarget "softtekPrueba" */;
			buildPhases = (
				E2A4FD552B646974002810AB /* Sources */,
				E2A4FD562B646974002810AB /* Frameworks */,
				E2A4FD572B646974002810AB /* Resources */,
			);
			buildRules = (
			);
			dependencies = (
			);
			name = softtekPrueba;
			packageProductDependencies = (
				E2C0508A2B646BF600C6B532 /* Kingfisher */,
				E2C0508D2B646C0600C6B532 /* IQKeyboardManagerSwift */,
				E2C050902B646C5700C6B532 /* JGProgressHUD */,
				E2C050932B646C6800C6B532 /* Alamofire */,
				E2C050972B6470E000C6B532 /* CryptoSwift */,
				E2F98D5A2B6592A600D02019 /* FirebaseAppDistribution-Beta */,
				E2F98D5C2B6592A600D02019 /* FirebaseAuth */,
				E2F98D5E2B6592A600D02019 /* FirebaseAuthCombine-Community */,
				E2F98D602B6592A600D02019 /* FirebaseCrashlytics */,
				E2F98D622B6592A600D02019 /* FirebaseDatabase */,
				E2F98D642B6592A600D02019 /* FirebaseDatabaseSwift */,
				E2F98D662B6592A600D02019 /* FirebaseDynamicLinks */,
				E2F98D682B6592A600D02019 /* FirebaseFirestoreSwift */,
				E2F98D6A2B6592A600D02019 /* FirebaseFunctions */,
				E2F98D6C2B6592A600D02019 /* FirebaseInstallations */,
				E2F98D6E2B6592A600D02019 /* FirebaseMessaging */,
				E2F98D702B6592A600D02019 /* FirebaseRemoteConfig */,
				E2F98D722B6592A600D02019 /* FirebaseRemoteConfigSwift */,
				E2F98D742B6592A600D02019 /* FirebaseStorage */,
				E2F98D762B6592A600D02019 /* FirebaseStorageCombine-Community */,
			);
			productName = softtekPrueba;
			productReference = E2A4FD592B646974002810AB /* softtekPrueba.app */;
			productType = "com.apple.product-type.application";
		};
		E2A4FD6E2B646975002810AB /* softtekPruebaTests */ = {
			isa = PBXNativeTarget;
			buildConfigurationList = E2A4FD862B646975002810AB /* Build configuration list for PBXNativeTarget "softtekPruebaTests" */;
			buildPhases = (
				E2A4FD6B2B646975002810AB /* Sources */,
				E2A4FD6C2B646975002810AB /* Frameworks */,
				E2A4FD6D2B646975002810AB /* Resources */,
			);
			buildRules = (
			);
			dependencies = (
				E2A4FD712B646975002810AB /* PBXTargetDependency */,
			);
			name = softtekPruebaTests;
			productName = softtekPruebaTests;
			productReference = E2A4FD6F2B646975002810AB /* softtekPruebaTests.xctest */;
			productType = "com.apple.product-type.bundle.unit-test";
		};
		E2A4FD782B646975002810AB /* softtekPruebaUITests */ = {
			isa = PBXNativeTarget;
			buildConfigurationList = E2A4FD892B646975002810AB /* Build configuration list for PBXNativeTarget "softtekPruebaUITests" */;
			buildPhases = (
				E2A4FD752B646975002810AB /* Sources */,
				E2A4FD762B646975002810AB /* Frameworks */,
				E2A4FD772B646975002810AB /* Resources */,
			);
			buildRules = (
			);
			dependencies = (
				E2A4FD7B2B646975002810AB /* PBXTargetDependency */,
			);
			name = softtekPruebaUITests;
			productName = softtekPruebaUITests;
			productReference = E2A4FD792B646975002810AB /* softtekPruebaUITests.xctest */;
			productType = "com.apple.product-type.bundle.ui-testing";
		};
/* End PBXNativeTarget section */

/* Begin PBXProject section */
		E2A4FD512B646973002810AB /* Project object */ = {
			isa = PBXProject;
			attributes = {
				BuildIndependentTargetsInParallel = 1;
				LastSwiftUpdateCheck = 1500;
				LastUpgradeCheck = 1500;
				TargetAttributes = {
					E2A4FD582B646974002810AB = {
						CreatedOnToolsVersion = 15.0.1;
					};
					E2A4FD6E2B646975002810AB = {
						CreatedOnToolsVersion = 15.0.1;
						TestTargetID = E2A4FD582B646974002810AB;
					};
					E2A4FD782B646975002810AB = {
						CreatedOnToolsVersion = 15.0.1;
						TestTargetID = E2A4FD582B646974002810AB;
					};
				};
			};
			buildConfigurationList = E2A4FD542B646973002810AB /* Build configuration list for PBXProject "softtekPrueba" */;
			compatibilityVersion = "Xcode 14.0";
			developmentRegion = en;
			hasScannedForEncodings = 0;
			knownRegions = (
				en,
				Base,
			);
			mainGroup = E2A4FD502B646973002810AB;
			packageReferences = (
				E2C050892B646BF600C6B532 /* XCRemoteSwiftPackageReference "Kingfisher" */,
				E2C0508C2B646C0600C6B532 /* XCRemoteSwiftPackageReference "IQKeyboardManager" */,
				E2C0508F2B646C5700C6B532 /* XCRemoteSwiftPackageReference "JGProgressHUD" */,
				E2C050922B646C6800C6B532 /* XCRemoteSwiftPackageReference "Alamofire" */,
				E2C050962B6470E000C6B532 /* XCRemoteSwiftPackageReference "CryptoSwift" */,
				E2F98D592B6592A600D02019 /* XCRemoteSwiftPackageReference "firebase-ios-sdk" */,
			);
			productRefGroup = E2A4FD5A2B646974002810AB /* Products */;
			projectDirPath = "";
			projectRoot = "";
			targets = (
				E2A4FD582B646974002810AB /* softtekPrueba */,
				E2A4FD6E2B646975002810AB /* softtekPruebaTests */,
				E2A4FD782B646975002810AB /* softtekPruebaUITests */,
			);
		};
/* End PBXProject section */

/* Begin PBXResourcesBuildPhase section */
		E2A4FD572B646974002810AB /* Resources */ = {
			isa = PBXResourcesBuildPhase;
			buildActionMask = 2147483647;
			files = (
				E2C050A72B64E74A00C6B532 /* LoginViewController.xib in Resources */,
				E2A4FD692B646975002810AB /* LaunchScreen.storyboard in Resources */,
				E2C050C62B64E95800C6B532 /* DetailMovieViewController.xib in Resources */,
				E2A4FD662B646975002810AB /* Assets.xcassets in Resources */,
				E2C050B32B64E8CD00C6B532 /* MoviesViewController.xib in Resources */,
				E2C050CF2B64EF8900C6B532 /* MoviesCellTableViewCell.xib in Resources */,
				E2F98D822B6593DD00D02019 /* RemoteConfig.plist in Resources */,
				E2F98D572B6590B100D02019 /* GoogleService-Info.plist in Resources */,
			);
			runOnlyForDeploymentPostprocessing = 0;
		};
		E2A4FD6D2B646975002810AB /* Resources */ = {
			isa = PBXResourcesBuildPhase;
			buildActionMask = 2147483647;
			files = (
			);
			runOnlyForDeploymentPostprocessing = 0;
		};
		E2A4FD772B646975002810AB /* Resources */ = {
			isa = PBXResourcesBuildPhase;
			buildActionMask = 2147483647;
			files = (
			);
			runOnlyForDeploymentPostprocessing = 0;
		};
/* End PBXResourcesBuildPhase section */

/* Begin PBXSourcesBuildPhase section */
		E2A4FD552B646974002810AB /* Sources */ = {
			isa = PBXSourcesBuildPhase;
			buildActionMask = 2147483647;
			files = (
				E2F98D7D2B65938500D02019 /* Defaults.swift in Sources */,
				E2C050AB2B64E77600C6B532 /* LoginPresenter.swift in Sources */,
				E2C050B22B64E8CD00C6B532 /* MoviesViewController.swift in Sources */,
				E2C050D82B64F1ED00C6B532 /* TextDefaults.swift in Sources */,
				E2C050A62B64E74A00C6B532 /* LoginViewController.swift in Sources */,
				E2C050D62B64F1B400C6B532 /* Urls.swift in Sources */,
				E2C050D42B64F19100C6B532 /* ColorsUtils.swift in Sources */,
				E2C050BC2B64E91700C6B532 /* DetailMoviesInteractor.swift in Sources */,
				E2C050A92B64E76300C6B532 /* LoginInteractor.swift in Sources */,
				E2C050B52B64E8DC00C6B532 /* MoviesRouter.swift in Sources */,
				E2C050D22B64F11F00C6B532 /* Utils.swift in Sources */,
				E2F98D7F2B6593A700D02019 /* MovieRemoteConfig.swift in Sources */,
				E2C050A02B64A7CF00C6B532 /* DatabaseService.swift in Sources */,
				E2C050B72B64E8E600C6B532 /* MoviesInteractor.swift in Sources */,
				E2C050B92B64E8FC00C6B532 /* MoviesPresenter.swift in Sources */,
				E2C050CA2B64E99300C6B532 /* LoginEntity.swift in Sources */,
				E2C050C52B64E95800C6B532 /* DetailMovieViewController.swift in Sources */,
				E2C050C82B64E97600C6B532 /* MovieEntity.swift in Sources */,
				E2C050C02B64E93000C6B532 /* DetailMoviesRouter.swift in Sources */,
				E2C050BE2B64E92200C6B532 /* DetailMoviesPresenter.swift in Sources */,
				E2C050CE2B64EF8900C6B532 /* MoviesCellTableViewCell.swift in Sources */,
				E2C050AD2B64E79400C6B532 /* LoginRouter.swift in Sources */,
				E2F98D7A2B65935300D02019 /* SegurityKeys.swift in Sources */,
				E2C050C22B64E94800C6B532 /* DetailMoviesEntity.swift in Sources */,
				E2A4FD5D2B646974002810AB /* AppDelegate.swift in Sources */,
				E2A4FD5F2B646974002810AB /* SceneDelegate.swift in Sources */,
				E2C0509C2B64A1B400C6B532 /* MoviesObject.swift in Sources */,
			);
			runOnlyForDeploymentPostprocessing = 0;
		};
		E2A4FD6B2B646975002810AB /* Sources */ = {
			isa = PBXSourcesBuildPhase;
			buildActionMask = 2147483647;
			files = (
				E2A4FD742B646975002810AB /* softtekPruebaTests.swift in Sources */,
			);
			runOnlyForDeploymentPostprocessing = 0;
		};
		E2A4FD752B646975002810AB /* Sources */ = {
			isa = PBXSourcesBuildPhase;
			buildActionMask = 2147483647;
			files = (
				E2A4FD802B646975002810AB /* softtekPruebaUITestsLaunchTests.swift in Sources */,
				E2A4FD7E2B646975002810AB /* softtekPruebaUITests.swift in Sources */,
			);
			runOnlyForDeploymentPostprocessing = 0;
		};
/* End PBXSourcesBuildPhase section */

/* Begin PBXTargetDependency section */
		E2A4FD712B646975002810AB /* PBXTargetDependency */ = {
			isa = PBXTargetDependency;
			target = E2A4FD582B646974002810AB /* softtekPrueba */;
			targetProxy = E2A4FD702B646975002810AB /* PBXContainerItemProxy */;
		};
		E2A4FD7B2B646975002810AB /* PBXTargetDependency */ = {
			isa = PBXTargetDependency;
			target = E2A4FD582B646974002810AB /* softtekPrueba */;
			targetProxy = E2A4FD7A2B646975002810AB /* PBXContainerItemProxy */;
		};
/* End PBXTargetDependency section */

/* Begin PBXVariantGroup section */
		E2A4FD672B646975002810AB /* LaunchScreen.storyboard */ = {
			isa = PBXVariantGroup;
			children = (
				E2A4FD682B646975002810AB /* Base */,
			);
			name = LaunchScreen.storyboard;
			sourceTree = "<group>";
		};
/* End PBXVariantGroup section */

/* Begin XCBuildConfiguration section */
		E2A4FD812B646975002810AB /* Debug */ = {
			isa = XCBuildConfiguration;
			buildSettings = {
				ALWAYS_SEARCH_USER_PATHS = NO;
				ASSETCATALOG_COMPILER_GENERATE_SWIFT_ASSET_SYMBOL_EXTENSIONS = YES;
				CLANG_ANALYZER_NONNULL = YES;
				CLANG_ANALYZER_NUMBER_OBJECT_CONVERSION = YES_AGGRESSIVE;
				CLANG_CXX_LANGUAGE_STANDARD = "gnu++20";
				CLANG_ENABLE_MODULES = YES;
				CLANG_ENABLE_OBJC_ARC = YES;
				CLANG_ENABLE_OBJC_WEAK = YES;
				CLANG_WARN_BLOCK_CAPTURE_AUTORELEASING = YES;
				CLANG_WARN_BOOL_CONVERSION = YES;
				CLANG_WARN_COMMA = YES;
				CLANG_WARN_CONSTANT_CONVERSION = YES;
				CLANG_WARN_DEPRECATED_OBJC_IMPLEMENTATIONS = YES;
				CLANG_WARN_DIRECT_OBJC_ISA_USAGE = YES_ERROR;
				CLANG_WARN_DOCUMENTATION_COMMENTS = YES;
				CLANG_WARN_EMPTY_BODY = YES;
				CLANG_WARN_ENUM_CONVERSION = YES;
				CLANG_WARN_INFINITE_RECURSION = YES;
				CLANG_WARN_INT_CONVERSION = YES;
				CLANG_WARN_NON_LITERAL_NULL_CONVERSION = YES;
				CLANG_WARN_OBJC_IMPLICIT_RETAIN_SELF = YES;
				CLANG_WARN_OBJC_LITERAL_CONVERSION = YES;
				CLANG_WARN_OBJC_ROOT_CLASS = YES_ERROR;
				CLANG_WARN_QUOTED_INCLUDE_IN_FRAMEWORK_HEADER = YES;
				CLANG_WARN_RANGE_LOOP_ANALYSIS = YES;
				CLANG_WARN_STRICT_PROTOTYPES = YES;
				CLANG_WARN_SUSPICIOUS_MOVE = YES;
				CLANG_WARN_UNGUARDED_AVAILABILITY = YES_AGGRESSIVE;
				CLANG_WARN_UNREACHABLE_CODE = YES;
				CLANG_WARN__DUPLICATE_METHOD_MATCH = YES;
				COPY_PHASE_STRIP = NO;
				DEBUG_INFORMATION_FORMAT = dwarf;
				ENABLE_STRICT_OBJC_MSGSEND = YES;
				ENABLE_TESTABILITY = YES;
				ENABLE_USER_SCRIPT_SANDBOXING = YES;
				GCC_C_LANGUAGE_STANDARD = gnu17;
				GCC_DYNAMIC_NO_PIC = NO;
				GCC_NO_COMMON_BLOCKS = YES;
				GCC_OPTIMIZATION_LEVEL = 0;
				GCC_PREPROCESSOR_DEFINITIONS = (
					"DEBUG=1",
					"$(inherited)",
				);
				GCC_WARN_64_TO_32_BIT_CONVERSION = YES;
				GCC_WARN_ABOUT_RETURN_TYPE = YES_ERROR;
				GCC_WARN_UNDECLARED_SELECTOR = YES;
				GCC_WARN_UNINITIALIZED_AUTOS = YES_AGGRESSIVE;
				GCC_WARN_UNUSED_FUNCTION = YES;
				GCC_WARN_UNUSED_VARIABLE = YES;
				IPHONEOS_DEPLOYMENT_TARGET = 17.0;
				LOCALIZATION_PREFERS_STRING_CATALOGS = YES;
				MTL_ENABLE_DEBUG_INFO = INCLUDE_SOURCE;
				MTL_FAST_MATH = YES;
				ONLY_ACTIVE_ARCH = YES;
				SDKROOT = iphoneos;
				SWIFT_ACTIVE_COMPILATION_CONDITIONS = "DEBUG $(inherited)";
				SWIFT_OPTIMIZATION_LEVEL = "-Onone";
			};
			name = Debug;
		};
		E2A4FD822B646975002810AB /* Release */ = {
			isa = XCBuildConfiguration;
			buildSettings = {
				ALWAYS_SEARCH_USER_PATHS = NO;
				ASSETCATALOG_COMPILER_GENERATE_SWIFT_ASSET_SYMBOL_EXTENSIONS = YES;
				CLANG_ANALYZER_NONNULL = YES;
				CLANG_ANALYZER_NUMBER_OBJECT_CONVERSION = YES_AGGRESSIVE;
				CLANG_CXX_LANGUAGE_STANDARD = "gnu++20";
				CLANG_ENABLE_MODULES = YES;
				CLANG_ENABLE_OBJC_ARC = YES;
				CLANG_ENABLE_OBJC_WEAK = YES;
				CLANG_WARN_BLOCK_CAPTURE_AUTORELEASING = YES;
				CLANG_WARN_BOOL_CONVERSION = YES;
				CLANG_WARN_COMMA = YES;
				CLANG_WARN_CONSTANT_CONVERSION = YES;
				CLANG_WARN_DEPRECATED_OBJC_IMPLEMENTATIONS = YES;
				CLANG_WARN_DIRECT_OBJC_ISA_USAGE = YES_ERROR;
				CLANG_WARN_DOCUMENTATION_COMMENTS = YES;
				CLANG_WARN_EMPTY_BODY = YES;
				CLANG_WARN_ENUM_CONVERSION = YES;
				CLANG_WARN_INFINITE_RECURSION = YES;
				CLANG_WARN_INT_CONVERSION = YES;
				CLANG_WARN_NON_LITERAL_NULL_CONVERSION = YES;
				CLANG_WARN_OBJC_IMPLICIT_RETAIN_SELF = YES;
				CLANG_WARN_OBJC_LITERAL_CONVERSION = YES;
				CLANG_WARN_OBJC_ROOT_CLASS = YES_ERROR;
				CLANG_WARN_QUOTED_INCLUDE_IN_FRAMEWORK_HEADER = YES;
				CLANG_WARN_RANGE_LOOP_ANALYSIS = YES;
				CLANG_WARN_STRICT_PROTOTYPES = YES;
				CLANG_WARN_SUSPICIOUS_MOVE = YES;
				CLANG_WARN_UNGUARDED_AVAILABILITY = YES_AGGRESSIVE;
				CLANG_WARN_UNREACHABLE_CODE = YES;
				CLANG_WARN__DUPLICATE_METHOD_MATCH = YES;
				COPY_PHASE_STRIP = NO;
				DEBUG_INFORMATION_FORMAT = "dwarf-with-dsym";
				ENABLE_NS_ASSERTIONS = NO;
				ENABLE_STRICT_OBJC_MSGSEND = YES;
				ENABLE_USER_SCRIPT_SANDBOXING = YES;
				GCC_C_LANGUAGE_STANDARD = gnu17;
				GCC_NO_COMMON_BLOCKS = YES;
				GCC_WARN_64_TO_32_BIT_CONVERSION = YES;
				GCC_WARN_ABOUT_RETURN_TYPE = YES_ERROR;
				GCC_WARN_UNDECLARED_SELECTOR = YES;
				GCC_WARN_UNINITIALIZED_AUTOS = YES_AGGRESSIVE;
				GCC_WARN_UNUSED_FUNCTION = YES;
				GCC_WARN_UNUSED_VARIABLE = YES;
				IPHONEOS_DEPLOYMENT_TARGET = 17.0;
				LOCALIZATION_PREFERS_STRING_CATALOGS = YES;
				MTL_ENABLE_DEBUG_INFO = NO;
				MTL_FAST_MATH = YES;
				SDKROOT = iphoneos;
				SWIFT_COMPILATION_MODE = wholemodule;
				VALIDATE_PRODUCT = YES;
			};
			name = Release;
		};
		E2A4FD842B646975002810AB /* Debug */ = {
			isa = XCBuildConfiguration;
			buildSettings = {
				ASSETCATALOG_COMPILER_APPICON_NAME = AppIcon;
				ASSETCATALOG_COMPILER_GLOBAL_ACCENT_COLOR_NAME = AccentColor;
				CODE_SIGN_STYLE = Automatic;
				CURRENT_PROJECT_VERSION = 1;
				GENERATE_INFOPLIST_FILE = YES;
				INFOPLIST_FILE = softtekPrueba/Info.plist;
				INFOPLIST_KEY_UIApplicationSupportsIndirectInputEvents = YES;
				INFOPLIST_KEY_UILaunchStoryboardName = LaunchScreen;
				INFOPLIST_KEY_UISupportedInterfaceOrientations_iPad = "UIInterfaceOrientationPortrait UIInterfaceOrientationPortraitUpsideDown UIInterfaceOrientationLandscapeLeft UIInterfaceOrientationLandscapeRight";
				INFOPLIST_KEY_UISupportedInterfaceOrientations_iPhone = "UIInterfaceOrientationPortrait UIInterfaceOrientationLandscapeLeft UIInterfaceOrientationLandscapeRight";
				LD_RUNPATH_SEARCH_PATHS = (
					"$(inherited)",
					"@executable_path/Frameworks",
				);
				MARKETING_VERSION = 1.0;
				PRODUCT_BUNDLE_IDENTIFIER = demo.OswaldoTech.softtekPrueba;
				PRODUCT_NAME = "$(TARGET_NAME)";
				SWIFT_EMIT_LOC_STRINGS = YES;
				SWIFT_VERSION = 5.0;
				TARGETED_DEVICE_FAMILY = "1,2";
			};
			name = Debug;
		};
		E2A4FD852B646975002810AB /* Release */ = {
			isa = XCBuildConfiguration;
			buildSettings = {
				ASSETCATALOG_COMPILER_APPICON_NAME = AppIcon;
				ASSETCATALOG_COMPILER_GLOBAL_ACCENT_COLOR_NAME = AccentColor;
				CODE_SIGN_STYLE = Automatic;
				CURRENT_PROJECT_VERSION = 1;
				GENERATE_INFOPLIST_FILE = YES;
				INFOPLIST_FILE = softtekPrueba/Info.plist;
				INFOPLIST_KEY_UIApplicationSupportsIndirectInputEvents = YES;
				INFOPLIST_KEY_UILaunchStoryboardName = LaunchScreen;
				INFOPLIST_KEY_UISupportedInterfaceOrientations_iPad = "UIInterfaceOrientationPortrait UIInterfaceOrientationPortraitUpsideDown UIInterfaceOrientationLandscapeLeft UIInterfaceOrientationLandscapeRight";
				INFOPLIST_KEY_UISupportedInterfaceOrientations_iPhone = "UIInterfaceOrientationPortrait UIInterfaceOrientationLandscapeLeft UIInterfaceOrientationLandscapeRight";
				LD_RUNPATH_SEARCH_PATHS = (
					"$(inherited)",
					"@executable_path/Frameworks",
				);
				MARKETING_VERSION = 1.0;
				PRODUCT_BUNDLE_IDENTIFIER = demo.OswaldoTech.softtekPrueba;
				PRODUCT_NAME = "$(TARGET_NAME)";
				SWIFT_EMIT_LOC_STRINGS = YES;
				SWIFT_VERSION = 5.0;
				TARGETED_DEVICE_FAMILY = "1,2";
			};
			name = Release;
		};
		E2A4FD872B646975002810AB /* Debug */ = {
			isa = XCBuildConfiguration;
			buildSettings = {
				ALWAYS_EMBED_SWIFT_STANDARD_LIBRARIES = YES;
				BUNDLE_LOADER = "$(TEST_HOST)";
				CODE_SIGN_STYLE = Automatic;
				CURRENT_PROJECT_VERSION = 1;
				GENERATE_INFOPLIST_FILE = YES;
				IPHONEOS_DEPLOYMENT_TARGET = 17.0;
				MARKETING_VERSION = 1.0;
				PRODUCT_BUNDLE_IDENTIFIER = demo.OswaldoTech.softtekPruebaTests;
				PRODUCT_NAME = "$(TARGET_NAME)";
				SWIFT_EMIT_LOC_STRINGS = NO;
				SWIFT_VERSION = 5.0;
				TARGETED_DEVICE_FAMILY = "1,2";
				TEST_HOST = "$(BUILT_PRODUCTS_DIR)/softtekPrueba.app/$(BUNDLE_EXECUTABLE_FOLDER_PATH)/softtekPrueba";
			};
			name = Debug;
		};
		E2A4FD882B646975002810AB /* Release */ = {
			isa = XCBuildConfiguration;
			buildSettings = {
				ALWAYS_EMBED_SWIFT_STANDARD_LIBRARIES = YES;
				BUNDLE_LOADER = "$(TEST_HOST)";
				CODE_SIGN_STYLE = Automatic;
				CURRENT_PROJECT_VERSION = 1;
				GENERATE_INFOPLIST_FILE = YES;
				IPHONEOS_DEPLOYMENT_TARGET = 17.0;
				MARKETING_VERSION = 1.0;
				PRODUCT_BUNDLE_IDENTIFIER = demo.OswaldoTech.softtekPruebaTests;
				PRODUCT_NAME = "$(TARGET_NAME)";
				SWIFT_EMIT_LOC_STRINGS = NO;
				SWIFT_VERSION = 5.0;
				TARGETED_DEVICE_FAMILY = "1,2";
				TEST_HOST = "$(BUILT_PRODUCTS_DIR)/softtekPrueba.app/$(BUNDLE_EXECUTABLE_FOLDER_PATH)/softtekPrueba";
			};
			name = Release;
		};
		E2A4FD8A2B646975002810AB /* Debug */ = {
			isa = XCBuildConfiguration;
			buildSettings = {
				ALWAYS_EMBED_SWIFT_STANDARD_LIBRARIES = YES;
				CODE_SIGN_STYLE = Automatic;
				CURRENT_PROJECT_VERSION = 1;
				GENERATE_INFOPLIST_FILE = YES;
				MARKETING_VERSION = 1.0;
				PRODUCT_BUNDLE_IDENTIFIER = demo.OswaldoTech.softtekPruebaUITests;
				PRODUCT_NAME = "$(TARGET_NAME)";
				SWIFT_EMIT_LOC_STRINGS = NO;
				SWIFT_VERSION = 5.0;
				TARGETED_DEVICE_FAMILY = "1,2";
				TEST_TARGET_NAME = softtekPrueba;
			};
			name = Debug;
		};
		E2A4FD8B2B646975002810AB /* Release */ = {
			isa = XCBuildConfiguration;
			buildSettings = {
				ALWAYS_EMBED_SWIFT_STANDARD_LIBRARIES = YES;
				CODE_SIGN_STYLE = Automatic;
				CURRENT_PROJECT_VERSION = 1;
				GENERATE_INFOPLIST_FILE = YES;
				MARKETING_VERSION = 1.0;
				PRODUCT_BUNDLE_IDENTIFIER = demo.OswaldoTech.softtekPruebaUITests;
				PRODUCT_NAME = "$(TARGET_NAME)";
				SWIFT_EMIT_LOC_STRINGS = NO;
				SWIFT_VERSION = 5.0;
				TARGETED_DEVICE_FAMILY = "1,2";
				TEST_TARGET_NAME = softtekPrueba;
			};
			name = Release;
		};
/* End XCBuildConfiguration section */

/* Begin XCConfigurationList section */
		E2A4FD542B646973002810AB /* Build configuration list for PBXProject "softtekPrueba" */ = {
			isa = XCConfigurationList;
			buildConfigurations = (
				E2A4FD812B646975002810AB /* Debug */,
				E2A4FD822B646975002810AB /* Release */,
			);
			defaultConfigurationIsVisible = 0;
			defaultConfigurationName = Release;
		};
		E2A4FD832B646975002810AB /* Build configuration list for PBXNativeTarget "softtekPrueba" */ = {
			isa = XCConfigurationList;
			buildConfigurations = (
				E2A4FD842B646975002810AB /* Debug */,
				E2A4FD852B646975002810AB /* Release */,
			);
			defaultConfigurationIsVisible = 0;
			defaultConfigurationName = Release;
		};
		E2A4FD862B646975002810AB /* Build configuration list for PBXNativeTarget "softtekPruebaTests" */ = {
			isa = XCConfigurationList;
			buildConfigurations = (
				E2A4FD872B646975002810AB /* Debug */,
				E2A4FD882B646975002810AB /* Release */,
			);
			defaultConfigurationIsVisible = 0;
			defaultConfigurationName = Release;
		};
		E2A4FD892B646975002810AB /* Build configuration list for PBXNativeTarget "softtekPruebaUITests" */ = {
			isa = XCConfigurationList;
			buildConfigurations = (
				E2A4FD8A2B646975002810AB /* Debug */,
				E2A4FD8B2B646975002810AB /* Release */,
			);
			defaultConfigurationIsVisible = 0;
			defaultConfigurationName = Release;
		};
/* End XCConfigurationList section */

/* Begin XCRemoteSwiftPackageReference section */
		E2C050892B646BF600C6B532 /* XCRemoteSwiftPackageReference "Kingfisher" */ = {
			isa = XCRemoteSwiftPackageReference;
			repositoryURL = "https://github.com/onevcat/Kingfisher.git";
			requirement = {
				kind = upToNextMajorVersion;
				minimumVersion = 7.10.2;
			};
		};
		E2C0508C2B646C0600C6B532 /* XCRemoteSwiftPackageReference "IQKeyboardManager" */ = {
			isa = XCRemoteSwiftPackageReference;
			repositoryURL = "https://github.com/hackiftekhar/IQKeyboardManager.git";
			requirement = {
				kind = upToNextMajorVersion;
				minimumVersion = 7.0.0;
			};
		};
		E2C0508F2B646C5700C6B532 /* XCRemoteSwiftPackageReference "JGProgressHUD" */ = {
			isa = XCRemoteSwiftPackageReference;
			repositoryURL = "https://github.com/JonasGessner/JGProgressHUD.git";
			requirement = {
				kind = upToNextMajorVersion;
				minimumVersion = 2.2.0;
			};
		};
		E2C050922B646C6800C6B532 /* XCRemoteSwiftPackageReference "Alamofire" */ = {
			isa = XCRemoteSwiftPackageReference;
			repositoryURL = "https://github.com/Alamofire/Alamofire.git";
			requirement = {
				kind = exactVersion;
				version = 4.9.0;
			};
		};
		E2C050962B6470E000C6B532 /* XCRemoteSwiftPackageReference "CryptoSwift" */ = {
			isa = XCRemoteSwiftPackageReference;
			repositoryURL = "https://github.com/krzyzanowskim/CryptoSwift.git";
			requirement = {
				kind = upToNextMajorVersion;
				minimumVersion = 1.8.1;
			};
		};
		E2F98D592B6592A600D02019 /* XCRemoteSwiftPackageReference "firebase-ios-sdk" */ = {
			isa = XCRemoteSwiftPackageReference;
			repositoryURL = "https://github.com/firebase/firebase-ios-sdk";
			requirement = {
				kind = upToNextMajorVersion;
				minimumVersion = 10.20.0;
			};
		};
/* End XCRemoteSwiftPackageReference section */

/* Begin XCSwiftPackageProductDependency section */
		E2C0508A2B646BF600C6B532 /* Kingfisher */ = {
			isa = XCSwiftPackageProductDependency;
			package = E2C050892B646BF600C6B532 /* XCRemoteSwiftPackageReference "Kingfisher" */;
			productName = Kingfisher;
		};
		E2C0508D2B646C0600C6B532 /* IQKeyboardManagerSwift */ = {
			isa = XCSwiftPackageProductDependency;
			package = E2C0508C2B646C0600C6B532 /* XCRemoteSwiftPackageReference "IQKeyboardManager" */;
			productName = IQKeyboardManagerSwift;
		};
		E2C050902B646C5700C6B532 /* JGProgressHUD */ = {
			isa = XCSwiftPackageProductDependency;
			package = E2C0508F2B646C5700C6B532 /* XCRemoteSwiftPackageReference "JGProgressHUD" */;
			productName = JGProgressHUD;
		};
		E2C050932B646C6800C6B532 /* Alamofire */ = {
			isa = XCSwiftPackageProductDependency;
			package = E2C050922B646C6800C6B532 /* XCRemoteSwiftPackageReference "Alamofire" */;
			productName = Alamofire;
		};
		E2C050972B6470E000C6B532 /* CryptoSwift */ = {
			isa = XCSwiftPackageProductDependency;
			package = E2C050962B6470E000C6B532 /* XCRemoteSwiftPackageReference "CryptoSwift" */;
			productName = CryptoSwift;
		};
		E2F98D5A2B6592A600D02019 /* FirebaseAppDistribution-Beta */ = {
			isa = XCSwiftPackageProductDependency;
			package = E2F98D592B6592A600D02019 /* XCRemoteSwiftPackageReference "firebase-ios-sdk" */;
			productName = "FirebaseAppDistribution-Beta";
		};
		E2F98D5C2B6592A600D02019 /* FirebaseAuth */ = {
			isa = XCSwiftPackageProductDependency;
			package = E2F98D592B6592A600D02019 /* XCRemoteSwiftPackageReference "firebase-ios-sdk" */;
			productName = FirebaseAuth;
		};
		E2F98D5E2B6592A600D02019 /* FirebaseAuthCombine-Community */ = {
			isa = XCSwiftPackageProductDependency;
			package = E2F98D592B6592A600D02019 /* XCRemoteSwiftPackageReference "firebase-ios-sdk" */;
			productName = "FirebaseAuthCombine-Community";
		};
		E2F98D602B6592A600D02019 /* FirebaseCrashlytics */ = {
			isa = XCSwiftPackageProductDependency;
			package = E2F98D592B6592A600D02019 /* XCRemoteSwiftPackageReference "firebase-ios-sdk" */;
			productName = FirebaseCrashlytics;
		};
		E2F98D622B6592A600D02019 /* FirebaseDatabase */ = {
			isa = XCSwiftPackageProductDependency;
			package = E2F98D592B6592A600D02019 /* XCRemoteSwiftPackageReference "firebase-ios-sdk" */;
			productName = FirebaseDatabase;
		};
		E2F98D642B6592A600D02019 /* FirebaseDatabaseSwift */ = {
			isa = XCSwiftPackageProductDependency;
			package = E2F98D592B6592A600D02019 /* XCRemoteSwiftPackageReference "firebase-ios-sdk" */;
			productName = FirebaseDatabaseSwift;
		};
		E2F98D662B6592A600D02019 /* FirebaseDynamicLinks */ = {
			isa = XCSwiftPackageProductDependency;
			package = E2F98D592B6592A600D02019 /* XCRemoteSwiftPackageReference "firebase-ios-sdk" */;
			productName = FirebaseDynamicLinks;
		};
		E2F98D682B6592A600D02019 /* FirebaseFirestoreSwift */ = {
			isa = XCSwiftPackageProductDependency;
			package = E2F98D592B6592A600D02019 /* XCRemoteSwiftPackageReference "firebase-ios-sdk" */;
			productName = FirebaseFirestoreSwift;
		};
		E2F98D6A2B6592A600D02019 /* FirebaseFunctions */ = {
			isa = XCSwiftPackageProductDependency;
			package = E2F98D592B6592A600D02019 /* XCRemoteSwiftPackageReference "firebase-ios-sdk" */;
			productName = FirebaseFunctions;
		};
		E2F98D6C2B6592A600D02019 /* FirebaseInstallations */ = {
			isa = XCSwiftPackageProductDependency;
			package = E2F98D592B6592A600D02019 /* XCRemoteSwiftPackageReference "firebase-ios-sdk" */;
			productName = FirebaseInstallations;
		};
		E2F98D6E2B6592A600D02019 /* FirebaseMessaging */ = {
			isa = XCSwiftPackageProductDependency;
			package = E2F98D592B6592A600D02019 /* XCRemoteSwiftPackageReference "firebase-ios-sdk" */;
			productName = FirebaseMessaging;
		};
		E2F98D702B6592A600D02019 /* FirebaseRemoteConfig */ = {
			isa = XCSwiftPackageProductDependency;
			package = E2F98D592B6592A600D02019 /* XCRemoteSwiftPackageReference "firebase-ios-sdk" */;
			productName = FirebaseRemoteConfig;
		};
		E2F98D722B6592A600D02019 /* FirebaseRemoteConfigSwift */ = {
			isa = XCSwiftPackageProductDependency;
			package = E2F98D592B6592A600D02019 /* XCRemoteSwiftPackageReference "firebase-ios-sdk" */;
			productName = FirebaseRemoteConfigSwift;
		};
		E2F98D742B6592A600D02019 /* FirebaseStorage */ = {
			isa = XCSwiftPackageProductDependency;
			package = E2F98D592B6592A600D02019 /* XCRemoteSwiftPackageReference "firebase-ios-sdk" */;
			productName = FirebaseStorage;
		};
		E2F98D762B6592A600D02019 /* FirebaseStorageCombine-Community */ = {
			isa = XCSwiftPackageProductDependency;
			package = E2F98D592B6592A600D02019 /* XCRemoteSwiftPackageReference "firebase-ios-sdk" */;
			productName = "FirebaseStorageCombine-Community";
		};
/* End XCSwiftPackageProductDependency section */
	};
	rootObject = E2A4FD512B646973002810AB /* Project object */;
}
